
Microsoft Visual Studio Solution File, Format Version 11.00
# Visual Studio 2010
# SharpDevelop 5.1
Project("{FAE04EC0-301F-11D3-BF4B-00C04F79EFBC}") = "BarGen", "BarGen\BarGen.csproj", "{3E054E8F-E237-4B46-B1F1-9905B5426EB6}"
EndProject
Global
	GlobalSection(SolutionConfigurationPlatforms) = preSolution
		Debug|Any CPU = Debug|Any CPU
		Release|Any CPU = Release|Any CPU
	EndGlobalSection
	GlobalSection(ProjectConfigurationPlatforms) = postSolution
		{3E054E8F-E237-4B46-B1F1-9905B5426EB6}.Debug|Any CPU.ActiveCfg = Debug|Any CPU
		{3E054E8F-E237-4B46-B1F1-9905B5426EB6}.Debug|Any CPU.Build.0 = Debug|Any CPU
		{3E054E8F-E237-4B46-B1F1-9905B5426EB6}.Release|Any CPU.ActiveCfg = Release|Any CPU
		{3E054E8F-E237-4B46-B1F1-9905B5426EB6}.Release|Any CPU.Build.0 = Release|Any CPU
	EndGlobalSection
EndGlobal
